{
  "name": "shared",
  "version": "1.0.0",
  "lockfileVersion": 3,
  "requires": true,
  "packages": {
    "": {
      "name": "shared",
      "version": "1.0.0",
      "license": "ISC",
      "dependencies": {
        "countries-list": "^3.2.2",
        "libphonenumber-js": "^1.12.37",
        "zod": "^4.3.6"
      }
    },
    "node_modules/countries-list": {
      "version": "3.2.2",
      "resolved": "https://registry.npmjs.org/countries-list/-/countries-list-3.2.2.tgz",
      "integrity": "sha512-ABJ/RWQBrPWy+hRuZoW+0ooK8p65Eo3WmUZwHm6v4wmfSPznNAKzjy3+UUYrJK2v3182BVsgWxdB6ROidj39kw==",
      "license": "MIT"
    },
    "node_modules/libphonenumber-js": {
      "version": "1.12.37",
      "resolved": "https://registry.npmjs.org/libphonenumber-js/-/libphonenumber-js-1.12.37.tgz",
      "integrity": "sha512-rDU6bkpuMs8YRt/UpkuYEAsYSoNuDEbrE41I3KNvmXREGH6DGBJ8Wbak4by29wNOQ27zk4g4HL82zf0OGhwRuw==",
      "license": "MIT"
    },
    "node_modules/zod": {
      "version": "4.3.6",
      "resolved": "https://registry.npmjs.org/zod/-/zod-4.3.6.tgz",
      "integrity": "sha512-rftlrkhHZOcjDwkGlnUtZZkvaPHCsDATp4pGpuOOMDaTdDDXF91wuVDJoWoPsKX/3YPQ5fHuF3STjcYyKr+Qhg==",
      "license": "MIT",
      "funding": {
        "url": "https://github.com/sponsors/colinhacks"
      }
    }
  }
}
